
Microsoft Visual Studio Solution File, Format Version 12.00
# Visual Studio Version 16
VisualStudioVersion = 16.0.30011.22
MinimumVisualStudioVersion = 10.0.40219.1
Project("{FAE04EC0-301F-11D3-BF4B-00C04F79EFBC}") = "Day16_EFCore_DBFirst", "Day16_EFCore_DBFirst\Day16_EFCore_DBFirst.csproj", "{677BDE3E-C337-45E1-8F55-77074FFBF1AF}"
EndProject
Global
	GlobalSection(SolutionConfigurationPlatforms) = preSolution
		Debug|Any CPU = Debug|Any CPU
		Release|Any CPU = Release|Any CPU
	EndGlobalSection
	GlobalSection(ProjectConfigurationPlatforms) = postSolution
		{677BDE3E-C337-45E1-8F55-77074FFBF1AF}.Debug|Any CPU.ActiveCfg = Debug|Any CPU
		{677BDE3E-C337-45E1-8F55-77074FFBF1AF}.Debug|Any CPU.Build.0 = Debug|Any CPU
		{677BDE3E-C337-45E1-8F55-77074FFBF1AF}.Release|Any CPU.ActiveCfg = Release|Any CPU
		{677BDE3E-C337-45E1-8F55-77074FFBF1AF}.Release|Any CPU.Build.0 = Release|Any CPU
	EndGlobalSection
	GlobalSection(SolutionProperties) = preSolution
		HideSolutionNode = FALSE
	EndGlobalSection
	GlobalSection(ExtensibilityGlobals) = postSolution
		SolutionGuid = {0A035F2D-C09F-43CE-B39D-E5604C867234}
	EndGlobalSection
EndGlobal
