
Microsoft Visual Studio Solution File, Format Version 12.00
# Visual Studio Version 16
VisualStudioVersion = 16.0.30011.22
MinimumVisualStudioVersion = 10.0.40219.1
Project("{9A19103F-16F7-4668-BE54-9A1E7A4F7556}") = "Day20_WebAPI", "Day20_WebAPI\Day20_WebAPI.csproj", "{1B38DD90-FAE5-4210-92F9-0A13C794BC3A}"
EndProject
Global
	GlobalSection(SolutionConfigurationPlatforms) = preSolution
		Debug|Any CPU = Debug|Any CPU
		Release|Any CPU = Release|Any CPU
	EndGlobalSection
	GlobalSection(ProjectConfigurationPlatforms) = postSolution
		{1B38DD90-FAE5-4210-92F9-0A13C794BC3A}.Debug|Any CPU.ActiveCfg = Debug|Any CPU
		{1B38DD90-FAE5-4210-92F9-0A13C794BC3A}.Debug|Any CPU.Build.0 = Debug|Any CPU
		{1B38DD90-FAE5-4210-92F9-0A13C794BC3A}.Release|Any CPU.ActiveCfg = Release|Any CPU
		{1B38DD90-FAE5-4210-92F9-0A13C794BC3A}.Release|Any CPU.Build.0 = Release|Any CPU
	EndGlobalSection
	GlobalSection(SolutionProperties) = preSolution
		HideSolutionNode = FALSE
	EndGlobalSection
	GlobalSection(ExtensibilityGlobals) = postSolution
		SolutionGuid = {534EA640-403E-4583-AA54-A573E95BCC7A}
	EndGlobalSection
EndGlobal
