
Microsoft Visual Studio Solution File, Format Version 12.00
# Visual Studio Version 16
VisualStudioVersion = 16.0.30011.22
MinimumVisualStudioVersion = 10.0.40219.1
Project("{FAE04EC0-301F-11D3-BF4B-00C04F79EFBC}") = "Day02_HTML_CSS", "Day02_HTML_CSS\Day02_HTML_CSS.csproj", "{62E2EC1A-1A73-4905-B8DE-FBB51E32CEE6}"
EndProject
Global
	GlobalSection(SolutionConfigurationPlatforms) = preSolution
		Debug|Any CPU = Debug|Any CPU
		Release|Any CPU = Release|Any CPU
	EndGlobalSection
	GlobalSection(ProjectConfigurationPlatforms) = postSolution
		{62E2EC1A-1A73-4905-B8DE-FBB51E32CEE6}.Debug|Any CPU.ActiveCfg = Debug|Any CPU
		{62E2EC1A-1A73-4905-B8DE-FBB51E32CEE6}.Debug|Any CPU.Build.0 = Debug|Any CPU
		{62E2EC1A-1A73-4905-B8DE-FBB51E32CEE6}.Release|Any CPU.ActiveCfg = Release|Any CPU
		{62E2EC1A-1A73-4905-B8DE-FBB51E32CEE6}.Release|Any CPU.Build.0 = Release|Any CPU
	EndGlobalSection
	GlobalSection(SolutionProperties) = preSolution
		HideSolutionNode = FALSE
	EndGlobalSection
	GlobalSection(ExtensibilityGlobals) = postSolution
		SolutionGuid = {A17F50A6-765E-491A-9D05-0FC735B2A796}
	EndGlobalSection
EndGlobal
